# THIS IS AN AUTOGENERATED FILE. DO NOT EDIT THIS FILE DIRECTLY.
# yarn lockfile v1


canvas@^1.6.13:
  version "1.6.13"
  resolved "https://registry.yarnpkg.com/canvas/-/canvas-1.6.13.tgz#8cb4e9abbea9e615a377890ffac50277a1167c73"
  dependencies:
    nan "^2.10.0"

nan@^2.10.0:
  version "2.11.1"
  resolved "https://registry.yarnpkg.com/nan/-/nan-2.11.1.tgz#90e22bccb8ca57ea4cd37cc83d3819b52eea6766"
